// !$*UTF8*$!
{
	archiveVersion = 1;
	classes = {
	};
	objectVersion = 56;
	objects = {

/* Begin PBXBuildFile section */
		DCDF89E12D7F20E60038AC6D /* CalculadoraIdadeCanina_Joao_teixeira_reisApp.swift in Sources */ = {isa = PBXBuildFile; fileRef = DCDF89E02D7F20E60038AC6D /* CalculadoraIdadeCanina_Joao_teixeira_reisApp.swift */; };
		DCDF89E32D7F20E60038AC6D /* ContentView.swift in Sources */ = {isa = PBXBuildFile; fileRef = DCDF89E22D7F20E60038AC6D /* ContentView.swift */; };
		DCDF89E52D7F20EA0038AC6D /* Assets.xcassets in Resources */ = {isa = PBXBuildFile; fileRef = DCDF89E42D7F20EA0038AC6D /* Assets.xcassets */; };
		DCDF89E82D7F20EA0038AC6D /* Preview Assets.xcassets in Resources */ = {isa = PBXBuildFile; fileRef = DCDF89E72D7F20EA0038AC6D /* Preview Assets.xcassets */; };
		DCDF89EF2D7F29B50038AC6D /* output.jpg in Resources */ = {isa = PBXBuildFile; fileRef = DCDF89EE2D7F29B50038AC6D /* output.jpg */; };
/* End PBXBuildFile section */

/* Begin PBXFileReference section */
		DCDF89DD2D7F20E60038AC6D /* CalculadoraIdadeCanina-Joao-teixeira-reis.app */ = {isa = PBXFileReference; explicitFileType = wrapper.application; includeInIndex = 0; path = "CalculadoraIdadeCanina-Joao-teixeira-reis.app"; sourceTree = BUILT_PRODUCTS_DIR; };
		DCDF89E02D7F20E60038AC6D /* CalculadoraIdadeCanina_Joao_teixeira_reisApp.swift */ = {isa = PBXFileReference; lastKnownFileType = sourcecode.swift; path = CalculadoraIdadeCanina_Joao_teixeira_reisApp.swift; sourceTree = "<group>"; };
		DCDF89E22D7F20E60038AC6D /* ContentView.swift */ = {isa = PBXFileReference; lastKnownFileType = sourcecode.swift; path = ContentView.swift; sourceTree = "<group>"; };
		DCDF89E42D7F20EA0038AC6D /* Assets.xcassets */ = {isa = PBXFileReference; lastKnownFileType = folder.assetcatalog; path = Assets.xcassets; sourceTree = "<group>"; };
		DCDF89E72D7F20EA0038AC6D /* Preview Assets.xcassets */ = {isa = PBXFileReference; lastKnownFileType = folder.assetcatalog; path = "Preview Assets.xcassets"; sourceTree = "<group>"; };
		DCDF89EE2D7F29B50038AC6D /* output.jpg */ = {isa = PBXFileReference; lastKnownFileType = image.jpeg; path = output.jpg; sourceTree = "<group>"; };
/* End PBXFileReference section */

/* Begin PBXFrameworksBuildPhase section */
		DCDF89DA2D7F20E60038AC6D /* Frameworks */ = {
			isa = PBXFrameworksBuildPhase;
			buildActionMask = 2147483647;
			files = (
			);
			runOnlyForDeploymentPostprocessing = 0;
		};
/* End PBXFrameworksBuildPhase section */

/* Begin PBXGroup section */
		DCDF89D42D7F20E60038AC6D = {
			isa = PBXGroup;
			children = (
				DCDF89DF2D7F20E60038AC6D /* CalculadoraIdadeCanina-Joao-teixeira-reis */,
				DCDF89DE2D7F20E60038AC6D /* Products */,
			);
			sourceTree = "<group>";
		};
		DCDF89DE2D7F20E60038AC6D /* Products */ = {
			isa = PBXGroup;
			children = (
				DCDF89DD2D7F20E60038AC6D /* CalculadoraIdadeCanina-Joao-teixeira-reis.app */,
			);
			name = Products;
			sourceTree = "<group>";
		};
		DCDF89DF2D7F20E60038AC6D /* CalculadoraIdadeCanina-Joao-teixeira-reis */ = {
			isa = PBXGroup;
			children = (
				DCDF89E02D7F20E60038AC6D /* CalculadoraIdadeCanina_Joao_teixeira_reisApp.swift */,
				DCDF89E22D7F20E60038AC6D /* ContentView.swift */,
				DCDF89E42D7F20EA0038AC6D /* Assets.xcassets */,
				DCDF89E62D7F20EA0038AC6D /* Preview Content */,
			);
			path = "CalculadoraIdadeCanina-Joao-teixeira-reis";
			sourceTree = "<group>";
		};
		DCDF89E62D7F20EA0038AC6D /* Preview Content */ = {
			isa = PBXGroup;
			children = (
				DCDF89EE2D7F29B50038AC6D /* output.jpg */,
				DCDF89E72D7F20EA0038AC6D /* Preview Assets.xcassets */,
			);
			path = "Preview Content";
			sourceTree = "<group>";
		};
/* End PBXGroup section */

/* Begin PBXNativeTarget section */
		DCDF89DC2D7F20E60038AC6D /* CalculadoraIdadeCanina-Joao-teixeira-reis */ = {
			isa = PBXNativeTarget;
			buildConfigurationList = DCDF89EB2D7F20EA0038AC6D /* Build configuration list for PBXNativeTarget "CalculadoraIdadeCanina-Joao-teixeira-reis" */;
			buildPhases = (
				DCDF89D92D7F20E60038AC6D /* Sources */,
				DCDF89DA2D7F20E60038AC6D /* Frameworks */,
				DCDF89DB2D7F20E60038AC6D /* Resources */,
			);
			buildRules = (
			);
			dependencies = (
			);
			name = "CalculadoraIdadeCanina-Joao-teixeira-reis";
			productName = "CalculadoraIdadeCanina-Joao-teixeira-reis";
			productReference = DCDF89DD2D7F20E60038AC6D /* CalculadoraIdadeCanina-Joao-teixeira-reis.app */;
			productType = "com.apple.product-type.application";
		};
/* End PBXNativeTarget section */

/* Begin PBXProject section */
		DCDF89D52D7F20E60038AC6D /* Project object */ = {
			isa = PBXProject;
			attributes = {
				BuildIndependentTargetsInParallel = 1;
				LastSwiftUpdateCheck = 1420;
				LastUpgradeCheck = 1420;
				TargetAttributes = {
					DCDF89DC2D7F20E60038AC6D = {
						CreatedOnToolsVersion = 14.2;
					};
				};
			};
			buildConfigurationList = DCDF89D82D7F20E60038AC6D /* Build configuration list for PBXProject "CalculadoraIdadeCanina-Joao-teixeira-reis" */;
			compatibilityVersion = "Xcode 14.0";
			developmentRegion = en;
			hasScannedForEncodings = 0;
			knownRegions = (
				en,
				Base,
			);
			mainGroup = DCDF89D42D7F20E60038AC6D;
			productRefGroup = DCDF89DE2D7F20E60038AC6D /* Products */;
			projectDirPath = "";
			projectRoot = "";
			targets = (
				DCDF89DC2D7F20E60038AC6D /* CalculadoraIdadeCanina-Joao-teixeira-reis */,
			);
		};
/* End PBXProject section */

/* Begin PBXResourcesBuildPhase section */
		DCDF89DB2D7F20E60038AC6D /* Resources */ = {
			isa = PBXResourcesBuildPhase;
			buildActionMask = 2147483647;
			files = (
				DCDF89E82D7F20EA0038AC6D /* Preview Assets.xcassets in Resources */,
				DCDF89EF2D7F29B50038AC6D /* output.jpg in Resources */,
				DCDF89E52D7F20EA0038AC6D /* Assets.xcassets in Resources */,
			);
			runOnlyForDeploymentPostprocessing = 0;
		};
/* End PBXResourcesBuildPhase section */

/* Begin PBXSourcesBuildPhase section */
		DCDF89D92D7F20E60038AC6D /* Sources */ = {
			isa = PBXSourcesBuildPhase;
			buildActionMask = 2147483647;
			files = (
				DCDF89E32D7F20E60038AC6D /* ContentView.swift in Sources */,
				DCDF89E12D7F20E60038AC6D /* CalculadoraIdadeCanina_Joao_teixeira_reisApp.swift in Sources */,
			);
			runOnlyForDeploymentPostprocessing = 0;
		};
/* End PBXSourcesBuildPhase section */

/* Begin XCBuildConfiguration section */
		DCDF89E92D7F20EA0038AC6D /* Debug */ = {
			isa = XCBuildConfiguration;
			buildSettings = {
				ALWAYS_SEARCH_USER_PATHS = NO;
				CLANG_ANALYZER_NONNULL = YES;
				CLANG_ANALYZER_NUMBER_OBJECT_CONVERSION = YES_AGGRESSIVE;
				CLANG_CXX_LANGUAGE_STANDARD = "gnu++20";
				CLANG_ENABLE_MODULES = YES;
				CLANG_ENABLE_OBJC_ARC = YES;
				CLANG_ENABLE_OBJC_WEAK = YES;
				CLANG_WARN_BLOCK_CAPTURE_AUTORELEASING = YES;
				CLANG_WARN_BOOL_CONVERSION = YES;
				CLANG_WARN_COMMA = YES;
				CLANG_WARN_CONSTANT_CONVERSION = YES;
				CLANG_WARN_DEPRECATED_OBJC_IMPLEMENTATIONS = YES;
				CLANG_WARN_DIRECT_OBJC_ISA_USAGE = YES_ERROR;
				CLANG_WARN_DOCUMENTATION_COMMENTS = YES;
				CLANG_WARN_EMPTY_BODY = YES;
				CLANG_WARN_ENUM_CONVERSION = YES;
				CLANG_WARN_INFINITE_RECURSION = YES;
				CLANG_WARN_INT_CONVERSION = YES;
				CLANG_WARN_NON_LITERAL_NULL_CONVERSION = YES;
				CLANG_WARN_OBJC_IMPLICIT_RETAIN_SELF = YES;
				CLANG_WARN_OBJC_LITERAL_CONVERSION = YES;
				CLANG_WARN_OBJC_ROOT_CLASS = YES_ERROR;
				CLANG_WARN_QUOTED_INCLUDE_IN_FRAMEWORK_HEADER = YES;
				CLANG_WARN_RANGE_LOOP_ANALYSIS = YES;
				CLANG_WARN_STRICT_PROTOTYPES = YES;
				CLANG_WARN_SUSPICIOUS_MOVE = YES;
				CLANG_WARN_UNGUARDED_AVAILABILITY = YES_AGGRESSIVE;
				CLANG_WARN_UNREACHABLE_CODE = YES;
				CLANG_WARN__DUPLICATE_METHOD_MATCH = YES;
				COPY_PHASE_STRIP = NO;
				DEBUG_INFORMATION_FORMAT = dwarf;
				ENABLE_STRICT_OBJC_MSGSEND = YES;
				ENABLE_TESTABILITY = YES;
				GCC_C_LANGUAGE_STANDARD = gnu11;
				GCC_DYNAMIC_NO_PIC = NO;
				GCC_NO_COMMON_BLOCKS = YES;
				GCC_OPTIMIZATION_LEVEL = 0;
				GCC_PREPROCESSOR_DEFINITIONS = (
					"DEBUG=1",
					"$(inherited)",
				);
				GCC_WARN_64_TO_32_BIT_CONVERSION = YES;
				GCC_WARN_ABOUT_RETURN_TYPE = YES_ERROR;
				GCC_WARN_UNDECLARED_SELECTOR = YES;
				GCC_WARN_UNINITIALIZED_AUTOS = YES_AGGRESSIVE;
				GCC_WARN_UNUSED_FUNCTION = YES;
				GCC_WARN_UNUSED_VARIABLE = YES;
				IPHONEOS_DEPLOYMENT_TARGET = 16.2;
				MTL_ENABLE_DEBUG_INFO = INCLUDE_SOURCE;
				MTL_FAST_MATH = YES;
				ONLY_ACTIVE_ARCH = YES;
				SDKROOT = iphoneos;
				SWIFT_ACTIVE_COMPILATION_CONDITIONS = DEBUG;
				SWIFT_OPTIMIZATION_LEVEL = "-Onone";
			};
			name = Debug;
		};
		DCDF89EA2D7F20EA0038AC6D /* Release */ = {
			isa = XCBuildConfiguration;
			buildSettings = {
				ALWAYS_SEARCH_USER_PATHS = NO;
				CLANG_ANALYZER_NONNULL = YES;
				CLANG_ANALYZER_NUMBER_OBJECT_CONVERSION = YES_AGGRESSIVE;
				CLANG_CXX_LANGUAGE_STANDARD = "gnu++20";
				CLANG_ENABLE_MODULES = YES;
				CLANG_ENABLE_OBJC_ARC = YES;
				CLANG_ENABLE_OBJC_WEAK = YES;
				CLANG_WARN_BLOCK_CAPTURE_AUTORELEASING = YES;
				CLANG_WARN_BOOL_CONVERSION = YES;
				CLANG_WARN_COMMA = YES;
				CLANG_WARN_CONSTANT_CONVERSION = YES;
				CLANG_WARN_DEPRECATED_OBJC_IMPLEMENTATIONS = YES;
				CLANG_WARN_DIRECT_OBJC_ISA_USAGE = YES_ERROR;
				CLANG_WARN_DOCUMENTATION_COMMENTS = YES;
				CLANG_WARN_EMPTY_BODY = YES;
				CLANG_WARN_ENUM_CONVERSION = YES;
				CLANG_WARN_INFINITE_RECURSION = YES;
				CLANG_WARN_INT_CONVERSION = YES;
				CLANG_WARN_NON_LITERAL_NULL_CONVERSION = YES;
				CLANG_WARN_OBJC_IMPLICIT_RETAIN_SELF = YES;
				CLANG_WARN_OBJC_LITERAL_CONVERSION = YES;
				CLANG_WARN_OBJC_ROOT_CLASS = YES_ERROR;
				CLANG_WARN_QUOTED_INCLUDE_IN_FRAMEWORK_HEADER = YES;
				CLANG_WARN_RANGE_LOOP_ANALYSIS = YES;
				CLANG_WARN_STRICT_PROTOTYPES = YES;
				CLANG_WARN_SUSPICIOUS_MOVE = YES;
				CLANG_WARN_UNGUARDED_AVAILABILITY = YES_AGGRESSIVE;
				CLANG_WARN_UNREACHABLE_CODE = YES;
				CLANG_WARN__DUPLICATE_METHOD_MATCH = YES;
				COPY_PHASE_STRIP = NO;
				DEBUG_INFORMATION_FORMAT = "dwarf-with-dsym";
				ENABLE_NS_ASSERTIONS = NO;
				ENABLE_STRICT_OBJC_MSGSEND = YES;
				GCC_C_LANGUAGE_STANDARD = gnu11;
				GCC_NO_COMMON_BLOCKS = YES;
				GCC_WARN_64_TO_32_BIT_CONVERSION = YES;
				GCC_WARN_ABOUT_RETURN_TYPE = YES_ERROR;
				GCC_WARN_UNDECLARED_SELECTOR = YES;
				GCC_WARN_UNINITIALIZED_AUTOS = YES_AGGRESSIVE;
				GCC_WARN_UNUSED_FUNCTION = YES;
				GCC_WARN_UNUSED_VARIABLE = YES;
				IPHONEOS_DEPLOYMENT_TARGET = 16.2;
				MTL_ENABLE_DEBUG_INFO = NO;
				MTL_FAST_MATH = YES;
				SDKROOT = iphoneos;
				SWIFT_COMPILATION_MODE = wholemodule;
				SWIFT_OPTIMIZATION_LEVEL = "-O";
				VALIDATE_PRODUCT = YES;
			};
			name = Release;
		};
		DCDF89EC2D7F20EA0038AC6D /* Debug */ = {
			isa = XCBuildConfiguration;
			buildSettings = {
				ASSETCATALOG_COMPILER_APPICON_NAME = AppIcon;
				ASSETCATALOG_COMPILER_GLOBAL_ACCENT_COLOR_NAME = AccentColor;
				CODE_SIGN_STYLE = Automatic;
				CURRENT_PROJECT_VERSION = 1;
				DEVELOPMENT_ASSET_PATHS = "\"CalculadoraIdadeCanina-Joao-teixeira-reis/Preview Content\"";
				ENABLE_PREVIEWS = YES;
				GENERATE_INFOPLIST_FILE = YES;
				INFOPLIST_KEY_UIApplicationSceneManifest_Generation = YES;
				INFOPLIST_KEY_UIApplicationSupportsIndirectInputEvents = YES;
				INFOPLIST_KEY_UILaunchScreen_Generation = YES;
				INFOPLIST_KEY_UISupportedInterfaceOrientations_iPad = "UIInterfaceOrientationPortrait UIInterfaceOrientationPortraitUpsideDown UIInterfaceOrientationLandscapeLeft UIInterfaceOrientationLandscapeRight";
				INFOPLIST_KEY_UISupportedInterfaceOrientations_iPhone = "UIInterfaceOrientationPortrait UIInterfaceOrientationLandscapeLeft UIInterfaceOrientationLandscapeRight";
				LD_RUNPATH_SEARCH_PATHS = (
					"$(inherited)",
					"@executable_path/Frameworks",
				);
				MARKETING_VERSION = 1.0;
				PRODUCT_BUNDLE_IDENTIFIER = "br.com.cotemig.CalculadoraIdadeCanina-Joao-teixeira-reis";
				PRODUCT_NAME = "$(TARGET_NAME)";
				SWIFT_EMIT_LOC_STRINGS = YES;
				SWIFT_VERSION = 5.0;
				TARGETED_DEVICE_FAMILY = "1,2";
			};
			name = Debug;
		};
		DCDF89ED2D7F20EA0038AC6D /* Release */ = {
			isa = XCBuildConfiguration;
			buildSettings = {
				ASSETCATALOG_COMPILER_APPICON_NAME = AppIcon;
				ASSETCATALOG_COMPILER_GLOBAL_ACCENT_COLOR_NAME = AccentColor;
				CODE_SIGN_STYLE = Automatic;
				CURRENT_PROJECT_VERSION = 1;
				DEVELOPMENT_ASSET_PATHS = "\"CalculadoraIdadeCanina-Joao-teixeira-reis/Preview Content\"";
				ENABLE_PREVIEWS = YES;
				GENERATE_INFOPLIST_FILE = YES;
				INFOPLIST_KEY_UIApplicationSceneManifest_Generation = YES;
				INFOPLIST_KEY_UIApplicationSupportsIndirectInputEvents = YES;
				INFOPLIST_KEY_UILaunchScreen_Generation = YES;
				INFOPLIST_KEY_UISupportedInterfaceOrientations_iPad = "UIInterfaceOrientationPortrait UIInterfaceOrientationPortraitUpsideDown UIInterfaceOrientationLandscapeLeft UIInterfaceOrientationLandscapeRight";
				INFOPLIST_KEY_UISupportedInterfaceOrientations_iPhone = "UIInterfaceOrientationPortrait UIInterfaceOrientationLandscapeLeft UIInterfaceOrientationLandscapeRight";
				LD_RUNPATH_SEARCH_PATHS = (
					"$(inherited)",
					"@executable_path/Frameworks",
				);
				MARKETING_VERSION = 1.0;
				PRODUCT_BUNDLE_IDENTIFIER = "br.com.cotemig.CalculadoraIdadeCanina-Joao-teixeira-reis";
				PRODUCT_NAME = "$(TARGET_NAME)";
				SWIFT_EMIT_LOC_STRINGS = YES;
				SWIFT_VERSION = 5.0;
				TARGETED_DEVICE_FAMILY = "1,2";
			};
			name = Release;
		};
/* End XCBuildConfiguration section */

/* Begin XCConfigurationList section */
		DCDF89D82D7F20E60038AC6D /* Build configuration list for PBXProject "CalculadoraIdadeCanina-Joao-teixeira-reis" */ = {
			isa = XCConfigurationList;
			buildConfigurations = (
				DCDF89E92D7F20EA0038AC6D /* Debug */,
				DCDF89EA2D7F20EA0038AC6D /* Release */,
			);
			defaultConfigurationIsVisible = 0;
			defaultConfigurationName = Release;
		};
		DCDF89EB2D7F20EA0038AC6D /* Build configuration list for PBXNativeTarget "CalculadoraIdadeCanina-Joao-teixeira-reis" */ = {
			isa = XCConfigurationList;
			buildConfigurations = (
				DCDF89EC2D7F20EA0038AC6D /* Debug */,
				DCDF89ED2D7F20EA0038AC6D /* Release */,
			);
			defaultConfigurationIsVisible = 0;
			defaultConfigurationName = Release;
		};
/* End XCConfigurationList section */
	};
	rootObject = DCDF89D52D7F20E60038AC6D /* Project object */;
}
